
Microsoft Visual Studio Solution File, Format Version 12.00
# Visual Studio Version 16
VisualStudioVersion = 16.0.29728.190
MinimumVisualStudioVersion = 10.0.40219.1
Project("{FAE04EC0-301F-11D3-BF4B-00C04F79EFBC}") = "Excercise2", "Excercise2\Excercise2.csproj", "{DDBE6893-C8A7-4EB0-BD5D-389426A18D67}"
EndProject
Global
	GlobalSection(SolutionConfigurationPlatforms) = preSolution
		Debug|Any CPU = Debug|Any CPU
		Release|Any CPU = Release|Any CPU
	EndGlobalSection
	GlobalSection(ProjectConfigurationPlatforms) = postSolution
		{DDBE6893-C8A7-4EB0-BD5D-389426A18D67}.Debug|Any CPU.ActiveCfg = Debug|Any CPU
		{DDBE6893-C8A7-4EB0-BD5D-389426A18D67}.Debug|Any CPU.Build.0 = Debug|Any CPU
		{DDBE6893-C8A7-4EB0-BD5D-389426A18D67}.Release|Any CPU.ActiveCfg = Release|Any CPU
		{DDBE6893-C8A7-4EB0-BD5D-389426A18D67}.Release|Any CPU.Build.0 = Release|Any CPU
	EndGlobalSection
	GlobalSection(SolutionProperties) = preSolution
		HideSolutionNode = FALSE
	EndGlobalSection
	GlobalSection(ExtensibilityGlobals) = postSolution
		SolutionGuid = {58207407-F166-4285-8CAD-85E7A70E641C}
	EndGlobalSection
EndGlobal
