
Microsoft Visual Studio Solution File, Format Version 12.00
# Visual Studio Version 16
VisualStudioVersion = 16.0.29728.190
MinimumVisualStudioVersion = 10.0.40219.1
Project("{FAE04EC0-301F-11D3-BF4B-00C04F79EFBC}") = "DelegationsnEvents_Ist", "DelegationsnEvents_Ist\DelegationsnEvents_Ist.csproj", "{9781A19A-EAA3-4494-8609-9CE0BBAC24E4}"
EndProject
Global
	GlobalSection(SolutionConfigurationPlatforms) = preSolution
		Debug|Any CPU = Debug|Any CPU
		Release|Any CPU = Release|Any CPU
	EndGlobalSection
	GlobalSection(ProjectConfigurationPlatforms) = postSolution
		{9781A19A-EAA3-4494-8609-9CE0BBAC24E4}.Debug|Any CPU.ActiveCfg = Debug|Any CPU
		{9781A19A-EAA3-4494-8609-9CE0BBAC24E4}.Debug|Any CPU.Build.0 = Debug|Any CPU
		{9781A19A-EAA3-4494-8609-9CE0BBAC24E4}.Release|Any CPU.ActiveCfg = Release|Any CPU
		{9781A19A-EAA3-4494-8609-9CE0BBAC24E4}.Release|Any CPU.Build.0 = Release|Any CPU
	EndGlobalSection
	GlobalSection(SolutionProperties) = preSolution
		HideSolutionNode = FALSE
	EndGlobalSection
	GlobalSection(ExtensibilityGlobals) = postSolution
		SolutionGuid = {698B38B5-9B66-4A81-B4EB-FC3BE32A6DA2}
	EndGlobalSection
EndGlobal
