
Microsoft Visual Studio Solution File, Format Version 12.00
# Visual Studio Version 16
VisualStudioVersion = 16.0.29728.190
MinimumVisualStudioVersion = 10.0.40219.1
Project("{FAE04EC0-301F-11D3-BF4B-00C04F79EFBC}") = "DelegationsnEvents_2nd", "DelegationsnEvents_2nd\DelegationsnEvents_2nd.csproj", "{D801CF0B-C55D-465E-9181-B7046BA90CDE}"
EndProject
Global
	GlobalSection(SolutionConfigurationPlatforms) = preSolution
		Debug|Any CPU = Debug|Any CPU
		Release|Any CPU = Release|Any CPU
	EndGlobalSection
	GlobalSection(ProjectConfigurationPlatforms) = postSolution
		{D801CF0B-C55D-465E-9181-B7046BA90CDE}.Debug|Any CPU.ActiveCfg = Debug|Any CPU
		{D801CF0B-C55D-465E-9181-B7046BA90CDE}.Debug|Any CPU.Build.0 = Debug|Any CPU
		{D801CF0B-C55D-465E-9181-B7046BA90CDE}.Release|Any CPU.ActiveCfg = Release|Any CPU
		{D801CF0B-C55D-465E-9181-B7046BA90CDE}.Release|Any CPU.Build.0 = Release|Any CPU
	EndGlobalSection
	GlobalSection(SolutionProperties) = preSolution
		HideSolutionNode = FALSE
	EndGlobalSection
	GlobalSection(ExtensibilityGlobals) = postSolution
		SolutionGuid = {918CBB0E-11A9-4E88-A79E-6ECFD562B0B2}
	EndGlobalSection
EndGlobal
